
Microsoft Visual Studio Solution File, Format Version 12.00
# Visual Studio Version 17
VisualStudioVersion = 17.10.34928.147
MinimumVisualStudioVersion = 10.0.40219.1
Project("{FAE04EC0-301F-11D3-BF4B-00C04F79EFBC}") = "Demo", "Demo\Demo.csproj", "{27B50CD7-104C-4C3C-8A62-3A2288F695F9}"
EndProject
Project("{FAE04EC0-301F-11D3-BF4B-00C04F79EFBC}") = "Assignment", "Assignment\Assignment.csproj", "{AB604BD2-9CE9-42EC-9166-4916D3CE922B}"
EndProject
Global
	GlobalSection(SolutionConfigurationPlatforms) = preSolution
		Debug|Any CPU = Debug|Any CPU
		Release|Any CPU = Release|Any CPU
	EndGlobalSection
	GlobalSection(ProjectConfigurationPlatforms) = postSolution
		{27B50CD7-104C-4C3C-8A62-3A2288F695F9}.Debug|Any CPU.ActiveCfg = Debug|Any CPU
		{27B50CD7-104C-4C3C-8A62-3A2288F695F9}.Debug|Any CPU.Build.0 = Debug|Any CPU
		{27B50CD7-104C-4C3C-8A62-3A2288F695F9}.Release|Any CPU.ActiveCfg = Release|Any CPU
		{27B50CD7-104C-4C3C-8A62-3A2288F695F9}.Release|Any CPU.Build.0 = Release|Any CPU
		{AB604BD2-9CE9-42EC-9166-4916D3CE922B}.Debug|Any CPU.ActiveCfg = Debug|Any CPU
		{AB604BD2-9CE9-42EC-9166-4916D3CE922B}.Debug|Any CPU.Build.0 = Debug|Any CPU
		{AB604BD2-9CE9-42EC-9166-4916D3CE922B}.Release|Any CPU.ActiveCfg = Release|Any CPU
		{AB604BD2-9CE9-42EC-9166-4916D3CE922B}.Release|Any CPU.Build.0 = Release|Any CPU
	EndGlobalSection
	GlobalSection(SolutionProperties) = preSolution
		HideSolutionNode = FALSE
	EndGlobalSection
	GlobalSection(ExtensibilityGlobals) = postSolution
		SolutionGuid = {5CD355F0-3F02-4905-A007-3611EC6B43EE}
	EndGlobalSection
EndGlobal
